
Microsoft Visual Studio Solution File, Format Version 12.00
# Visual Studio Version 16
VisualStudioVersion = 16.0.34114.132
MinimumVisualStudioVersion = 10.0.40219.1
Project("{8BC9CEB8-8B4A-11D0-8D11-00A0C91BC942}") = "Lab_1", "Lab_1\Lab_1.vcxproj", "{AC027E34-9653-412C-8837-7E78D630855A}"
EndProject
Project("{8BC9CEB8-8B4A-11D0-8D11-00A0C91BC942}") = "Lab_1_1", "Lab_1_1\Lab_1_1.vcxproj", "{6BD77E77-7401-44E9-8E4E-2E136E4AA3B5}"
EndProject
Project("{8BC9CEB8-8B4A-11D0-8D11-00A0C91BC942}") = "Lab_3", "Lab_3\Lab_3.vcxproj", "{6BC83A38-7F89-4B83-9D34-4664995E75A8}"
EndProject
Project("{8BC9CEB8-8B4A-11D0-8D11-00A0C91BC942}") = "Lab_4", "Lab_4\Lab_4.vcxproj", "{AA10D812-D347-4729-9916-C21669605B83}"
EndProject
Project("{8BC9CEB8-8B4A-11D0-8D11-00A0C91BC942}") = "Lab_5", "Lab_5\Lab_5.vcxproj", "{34148401-9EBE-4287-869F-2E5F27C74FE3}"
EndProject
Project("{8BC9CEB8-8B4A-11D0-8D11-00A0C91BC942}") = "Lab_6", "Lab_6\Lab_6.vcxproj", "{670D567A-502A-42AA-9CB9-425E3A06814A}"
EndProject
Project("{8BC9CEB8-8B4A-11D0-8D11-00A0C91BC942}") = "Lab_7", "Lab_7\Lab_7.vcxproj", "{E20D3E8A-5CC1-4D2D-BAB7-BE7813DEA7BD}"
EndProject
Project("{8BC9CEB8-8B4A-11D0-8D11-00A0C91BC942}") = "Lab_8", "Lab_8\Lab_8.vcxproj", "{99D72740-401B-4D46-B137-4F11A582BC4F}"
EndProject
Project("{8BC9CEB8-8B4A-11D0-8D11-00A0C91BC942}") = "Lab_9", "Lab_9\Lab_9.vcxproj", "{3C80E4A2-63FD-4B5D-8B24-9DBCF8009A88}"
EndProject
Global
	GlobalSection(SolutionConfigurationPlatforms) = preSolution
		Debug|x64 = Debug|x64
		Debug|x86 = Debug|x86
		Release|x64 = Release|x64
		Release|x86 = Release|x86
	EndGlobalSection
	GlobalSection(ProjectConfigurationPlatforms) = postSolution
		{AC027E34-9653-412C-8837-7E78D630855A}.Debug|x64.ActiveCfg = Debug|x64
		{AC027E34-9653-412C-8837-7E78D630855A}.Debug|x64.Build.0 = Debug|x64
		{AC027E34-9653-412C-8837-7E78D630855A}.Debug|x86.ActiveCfg = Debug|Win32
		{AC027E34-9653-412C-8837-7E78D630855A}.Debug|x86.Build.0 = Debug|Win32
		{AC027E34-9653-412C-8837-7E78D630855A}.Release|x64.ActiveCfg = Release|x64
		{AC027E34-9653-412C-8837-7E78D630855A}.Release|x64.Build.0 = Release|x64
		{AC027E34-9653-412C-8837-7E78D630855A}.Release|x86.ActiveCfg = Release|Win32
		{AC027E34-9653-412C-8837-7E78D630855A}.Release|x86.Build.0 = Release|Win32
		{6BD77E77-7401-44E9-8E4E-2E136E4AA3B5}.Debug|x64.ActiveCfg = Debug|x64
		{6BD77E77-7401-44E9-8E4E-2E136E4AA3B5}.Debug|x64.Build.0 = Debug|x64
		{6BD77E77-7401-44E9-8E4E-2E136E4AA3B5}.Debug|x86.ActiveCfg = Debug|Win32
		{6BD77E77-7401-44E9-8E4E-2E136E4AA3B5}.Debug|x86.Build.0 = Debug|Win32
		{6BD77E77-7401-44E9-8E4E-2E136E4AA3B5}.Release|x64.ActiveCfg = Release|x64
		{6BD77E77-7401-44E9-8E4E-2E136E4AA3B5}.Release|x64.Build.0 = Release|x64
		{6BD77E77-7401-44E9-8E4E-2E136E4AA3B5}.Release|x86.ActiveCfg = Release|Win32
		{6BD77E77-7401-44E9-8E4E-2E136E4AA3B5}.Release|x86.Build.0 = Release|Win32
		{6BC83A38-7F89-4B83-9D34-4664995E75A8}.Debug|x64.ActiveCfg = Debug|x64
		{6BC83A38-7F89-4B83-9D34-4664995E75A8}.Debug|x64.Build.0 = Debug|x64
		{6BC83A38-7F89-4B83-9D34-4664995E75A8}.Debug|x86.ActiveCfg = Debug|Win32
		{6BC83A38-7F89-4B83-9D34-4664995E75A8}.Debug|x86.Build.0 = Debug|Win32
		{6BC83A38-7F89-4B83-9D34-4664995E75A8}.Release|x64.ActiveCfg = Release|x64
		{6BC83A38-7F89-4B83-9D34-4664995E75A8}.Release|x64.Build.0 = Release|x64
		{6BC83A38-7F89-4B83-9D34-4664995E75A8}.Release|x86.ActiveCfg = Release|Win32
		{6BC83A38-7F89-4B83-9D34-4664995E75A8}.Release|x86.Build.0 = Release|Win32
		{AA10D812-D347-4729-9916-C21669605B83}.Debug|x64.ActiveCfg = Debug|x64
		{AA10D812-D347-4729-9916-C21669605B83}.Debug|x64.Build.0 = Debug|x64
		{AA10D812-D347-4729-9916-C21669605B83}.Debug|x86.ActiveCfg = Debug|Win32
		{AA10D812-D347-4729-9916-C21669605B83}.Debug|x86.Build.0 = Debug|Win32
		{AA10D812-D347-4729-9916-C21669605B83}.Release|x64.ActiveCfg = Release|x64
		{AA10D812-D347-4729-9916-C21669605B83}.Release|x64.Build.0 = Release|x64
		{AA10D812-D347-4729-9916-C21669605B83}.Release|x86.ActiveCfg = Release|Win32
		{AA10D812-D347-4729-9916-C21669605B83}.Release|x86.Build.0 = Release|Win32
		{34148401-9EBE-4287-869F-2E5F27C74FE3}.Debug|x64.ActiveCfg = Debug|x64
		{34148401-9EBE-4287-869F-2E5F27C74FE3}.Debug|x64.Build.0 = Debug|x64
		{34148401-9EBE-4287-869F-2E5F27C74FE3}.Debug|x86.ActiveCfg = Debug|Win32
		{34148401-9EBE-4287-869F-2E5F27C74FE3}.Debug|x86.Build.0 = Debug|Win32
		{34148401-9EBE-4287-869F-2E5F27C74FE3}.Release|x64.ActiveCfg = Release|x64
		{34148401-9EBE-4287-869F-2E5F27C74FE3}.Release|x64.Build.0 = Release|x64
		{34148401-9EBE-4287-869F-2E5F27C74FE3}.Release|x86.ActiveCfg = Release|Win32
		{34148401-9EBE-4287-869F-2E5F27C74FE3}.Release|x86.Build.0 = Release|Win32
		{670D567A-502A-42AA-9CB9-425E3A06814A}.Debug|x64.ActiveCfg = Debug|x64
		{670D567A-502A-42AA-9CB9-425E3A06814A}.Debug|x64.Build.0 = Debug|x64
		{670D567A-502A-42AA-9CB9-425E3A06814A}.Debug|x86.ActiveCfg = Debug|Win32
		{670D567A-502A-42AA-9CB9-425E3A06814A}.Debug|x86.Build.0 = Debug|Win32
		{670D567A-502A-42AA-9CB9-425E3A06814A}.Release|x64.ActiveCfg = Release|x64
		{670D567A-502A-42AA-9CB9-425E3A06814A}.Release|x64.Build.0 = Release|x64
		{670D567A-502A-42AA-9CB9-425E3A06814A}.Release|x86.ActiveCfg = Release|Win32
		{670D567A-502A-42AA-9CB9-425E3A06814A}.Release|x86.Build.0 = Release|Win32
		{E20D3E8A-5CC1-4D2D-BAB7-BE7813DEA7BD}.Debug|x64.ActiveCfg = Debug|x64
		{E20D3E8A-5CC1-4D2D-BAB7-BE7813DEA7BD}.Debug|x64.Build.0 = Debug|x64
		{E20D3E8A-5CC1-4D2D-BAB7-BE7813DEA7BD}.Debug|x86.ActiveCfg = Debug|Win32
		{E20D3E8A-5CC1-4D2D-BAB7-BE7813DEA7BD}.Debug|x86.Build.0 = Debug|Win32
		{E20D3E8A-5CC1-4D2D-BAB7-BE7813DEA7BD}.Release|x64.ActiveCfg = Release|x64
		{E20D3E8A-5CC1-4D2D-BAB7-BE7813DEA7BD}.Release|x64.Build.0 = Release|x64
		{E20D3E8A-5CC1-4D2D-BAB7-BE7813DEA7BD}.Release|x86.ActiveCfg = Release|Win32
		{E20D3E8A-5CC1-4D2D-BAB7-BE7813DEA7BD}.Release|x86.Build.0 = Release|Win32
		{99D72740-401B-4D46-B137-4F11A582BC4F}.Debug|x64.ActiveCfg = Debug|x64
		{99D72740-401B-4D46-B137-4F11A582BC4F}.Debug|x64.Build.0 = Debug|x64
		{99D72740-401B-4D46-B137-4F11A582BC4F}.Debug|x86.ActiveCfg = Debug|Win32
		{99D72740-401B-4D46-B137-4F11A582BC4F}.Debug|x86.Build.0 = Debug|Win32
		{99D72740-401B-4D46-B137-4F11A582BC4F}.Release|x64.ActiveCfg = Release|x64
		{99D72740-401B-4D46-B137-4F11A582BC4F}.Release|x64.Build.0 = Release|x64
		{99D72740-401B-4D46-B137-4F11A582BC4F}.Release|x86.ActiveCfg = Release|Win32
		{99D72740-401B-4D46-B137-4F11A582BC4F}.Release|x86.Build.0 = Release|Win32
		{3C80E4A2-63FD-4B5D-8B24-9DBCF8009A88}.Debug|x64.ActiveCfg = Debug|x64
		{3C80E4A2-63FD-4B5D-8B24-9DBCF8009A88}.Debug|x64.Build.0 = Debug|x64
		{3C80E4A2-63FD-4B5D-8B24-9DBCF8009A88}.Debug|x86.ActiveCfg = Debug|Win32
		{3C80E4A2-63FD-4B5D-8B24-9DBCF8009A88}.Debug|x86.Build.0 = Debug|Win32
		{3C80E4A2-63FD-4B5D-8B24-9DBCF8009A88}.Release|x64.ActiveCfg = Release|x64
		{3C80E4A2-63FD-4B5D-8B24-9DBCF8009A88}.Release|x64.Build.0 = Release|x64
		{3C80E4A2-63FD-4B5D-8B24-9DBCF8009A88}.Release|x86.ActiveCfg = Release|Win32
		{3C80E4A2-63FD-4B5D-8B24-9DBCF8009A88}.Release|x86.Build.0 = Release|Win32
	EndGlobalSection
	GlobalSection(SolutionProperties) = preSolution
		HideSolutionNode = FALSE
	EndGlobalSection
	GlobalSection(ExtensibilityGlobals) = postSolution
		SolutionGuid = {51CBFE17-A96B-40C7-9983-4472055AB0C7}
	EndGlobalSection
EndGlobal
